
Microsoft Visual Studio Solution File, Format Version 12.00
# Visual Studio Version 16
VisualStudioVersion = 16.0.30711.63
MinimumVisualStudioVersion = 10.0.40219.1
Project("{FAE04EC0-301F-11D3-BF4B-00C04F79EFBC}") = "ConfPosteCsharp", "ConfPosteCsharp\ConfPosteCsharp.csproj", "{75F0B997-A7BC-4D09-8120-EF8C23438FC4}"
EndProject
Project("{FAE04EC0-301F-11D3-BF4B-00C04F79EFBC}") = "XUnitTestProject1", "XUnitTestProject1\XUnitTestProject1.csproj", "{3C8CCC52-DA8A-455B-A6D4-6F6D24C9680F}"
EndProject
Global
	GlobalSection(SolutionConfigurationPlatforms) = preSolution
		Debug|Any CPU = Debug|Any CPU
		Release|Any CPU = Release|Any CPU
	EndGlobalSection
	GlobalSection(ProjectConfigurationPlatforms) = postSolution
		{75F0B997-A7BC-4D09-8120-EF8C23438FC4}.Debug|Any CPU.ActiveCfg = Debug|Any CPU
		{75F0B997-A7BC-4D09-8120-EF8C23438FC4}.Debug|Any CPU.Build.0 = Debug|Any CPU
		{75F0B997-A7BC-4D09-8120-EF8C23438FC4}.Release|Any CPU.ActiveCfg = Release|Any CPU
		{75F0B997-A7BC-4D09-8120-EF8C23438FC4}.Release|Any CPU.Build.0 = Release|Any CPU
		{3C8CCC52-DA8A-455B-A6D4-6F6D24C9680F}.Debug|Any CPU.ActiveCfg = Debug|Any CPU
		{3C8CCC52-DA8A-455B-A6D4-6F6D24C9680F}.Debug|Any CPU.Build.0 = Debug|Any CPU
		{3C8CCC52-DA8A-455B-A6D4-6F6D24C9680F}.Release|Any CPU.ActiveCfg = Release|Any CPU
		{3C8CCC52-DA8A-455B-A6D4-6F6D24C9680F}.Release|Any CPU.Build.0 = Release|Any CPU
	EndGlobalSection
	GlobalSection(SolutionProperties) = preSolution
		HideSolutionNode = FALSE
	EndGlobalSection
	GlobalSection(ExtensibilityGlobals) = postSolution
		SolutionGuid = {A1431188-465A-491D-9A0C-57DC864F97A6}
	EndGlobalSection
EndGlobal
